
Microsoft Visual Studio Solution File, Format Version 12.00
# Visual Studio 15
Project("{FAE04EC0-301F-11D3-BF4B-00C04F79EFBC}") = "Labb2OOADSimonOTobias.Android", "Labb2OOADSimonOTobias.Android\Labb2OOADSimonOTobias.Android.csproj", "{A85C8C98-AD23-4FEC-B585-15675B9349B5}"
EndProject
Project("{FAE04EC0-301F-11D3-BF4B-00C04F79EFBC}") = "Labb2OOADSimonOTobias.iOS", "Labb2OOADSimonOTobias.iOS\Labb2OOADSimonOTobias.iOS.csproj", "{D09AD42C-3F0B-4B3E-8C36-37119073B996}"
EndProject
Project("{FAE04EC0-301F-11D3-BF4B-00C04F79EFBC}") = "Labb2OOADSimonOTobias", "Labb2OOADSimonOTobias\Labb2OOADSimonOTobias.csproj", "{7E387185-55E8-4299-860C-CC9D210DBDB7}"
EndProject
Global
	GlobalSection(SolutionConfigurationPlatforms) = preSolution
		Debug|Any CPU = Debug|Any CPU
		Release|Any CPU = Release|Any CPU
		Debug|iPhoneSimulator = Debug|iPhoneSimulator
		Release|iPhoneSimulator = Release|iPhoneSimulator
		Debug|iPhone = Debug|iPhone
		Release|iPhone = Release|iPhone
		Ad-Hoc|iPhone = Ad-Hoc|iPhone
		AppStore|iPhone = AppStore|iPhone
	EndGlobalSection
	GlobalSection(ProjectConfigurationPlatforms) = postSolution
		{A85C8C98-AD23-4FEC-B585-15675B9349B5}.Debug|Any CPU.ActiveCfg = Debug|Any CPU
		{A85C8C98-AD23-4FEC-B585-15675B9349B5}.Debug|Any CPU.Build.0 = Debug|Any CPU
		{A85C8C98-AD23-4FEC-B585-15675B9349B5}.Release|Any CPU.ActiveCfg = Release|Any CPU
		{A85C8C98-AD23-4FEC-B585-15675B9349B5}.Release|Any CPU.Build.0 = Release|Any CPU
		{A85C8C98-AD23-4FEC-B585-15675B9349B5}.Debug|iPhoneSimulator.ActiveCfg = Debug|Any CPU
		{A85C8C98-AD23-4FEC-B585-15675B9349B5}.Debug|iPhoneSimulator.Build.0 = Debug|Any CPU
		{A85C8C98-AD23-4FEC-B585-15675B9349B5}.Release|iPhoneSimulator.ActiveCfg = Release|Any CPU
		{A85C8C98-AD23-4FEC-B585-15675B9349B5}.Release|iPhoneSimulator.Build.0 = Release|Any CPU
		{A85C8C98-AD23-4FEC-B585-15675B9349B5}.Debug|iPhone.ActiveCfg = Debug|Any CPU
		{A85C8C98-AD23-4FEC-B585-15675B9349B5}.Debug|iPhone.Build.0 = Debug|Any CPU
		{A85C8C98-AD23-4FEC-B585-15675B9349B5}.Release|iPhone.ActiveCfg = Release|Any CPU
		{A85C8C98-AD23-4FEC-B585-15675B9349B5}.Release|iPhone.Build.0 = Release|Any CPU
		{A85C8C98-AD23-4FEC-B585-15675B9349B5}.Ad-Hoc|iPhone.ActiveCfg = Debug|Any CPU
		{A85C8C98-AD23-4FEC-B585-15675B9349B5}.Ad-Hoc|iPhone.Build.0 = Debug|Any CPU
		{A85C8C98-AD23-4FEC-B585-15675B9349B5}.AppStore|iPhone.ActiveCfg = Debug|Any CPU
		{A85C8C98-AD23-4FEC-B585-15675B9349B5}.AppStore|iPhone.Build.0 = Debug|Any CPU
		{D09AD42C-3F0B-4B3E-8C36-37119073B996}.Debug|Any CPU.ActiveCfg = Debug|iPhoneSimulator
		{D09AD42C-3F0B-4B3E-8C36-37119073B996}.Debug|Any CPU.Build.0 = Debug|iPhoneSimulator
		{D09AD42C-3F0B-4B3E-8C36-37119073B996}.Release|Any CPU.ActiveCfg = Release|iPhoneSimulator
		{D09AD42C-3F0B-4B3E-8C36-37119073B996}.Release|Any CPU.Build.0 = Release|iPhoneSimulator
		{D09AD42C-3F0B-4B3E-8C36-37119073B996}.Debug|iPhoneSimulator.ActiveCfg = Debug|iPhoneSimulator
		{D09AD42C-3F0B-4B3E-8C36-37119073B996}.Debug|iPhoneSimulator.Build.0 = Debug|iPhoneSimulator
		{D09AD42C-3F0B-4B3E-8C36-37119073B996}.Release|iPhoneSimulator.ActiveCfg = Release|iPhoneSimulator
		{D09AD42C-3F0B-4B3E-8C36-37119073B996}.Release|iPhoneSimulator.Build.0 = Release|iPhoneSimulator
		{D09AD42C-3F0B-4B3E-8C36-37119073B996}.Debug|iPhone.ActiveCfg = Debug|iPhone
		{D09AD42C-3F0B-4B3E-8C36-37119073B996}.Debug|iPhone.Build.0 = Debug|iPhone
		{D09AD42C-3F0B-4B3E-8C36-37119073B996}.Release|iPhone.ActiveCfg = Release|iPhone
		{D09AD42C-3F0B-4B3E-8C36-37119073B996}.Release|iPhone.Build.0 = Release|iPhone
		{D09AD42C-3F0B-4B3E-8C36-37119073B996}.Ad-Hoc|iPhone.ActiveCfg = Ad-Hoc|iPhone
		{D09AD42C-3F0B-4B3E-8C36-37119073B996}.Ad-Hoc|iPhone.Build.0 = Ad-Hoc|iPhone
		{D09AD42C-3F0B-4B3E-8C36-37119073B996}.AppStore|iPhone.ActiveCfg = AppStore|iPhone
		{D09AD42C-3F0B-4B3E-8C36-37119073B996}.AppStore|iPhone.Build.0 = AppStore|iPhone
		{7E387185-55E8-4299-860C-CC9D210DBDB7}.Debug|Any CPU.ActiveCfg = Debug|Any CPU
		{7E387185-55E8-4299-860C-CC9D210DBDB7}.Debug|Any CPU.Build.0 = Debug|Any CPU
		{7E387185-55E8-4299-860C-CC9D210DBDB7}.Release|Any CPU.ActiveCfg = Release|Any CPU
		{7E387185-55E8-4299-860C-CC9D210DBDB7}.Release|Any CPU.Build.0 = Release|Any CPU
		{7E387185-55E8-4299-860C-CC9D210DBDB7}.Debug|iPhoneSimulator.ActiveCfg = Debug|Any CPU
		{7E387185-55E8-4299-860C-CC9D210DBDB7}.Debug|iPhoneSimulator.Build.0 = Debug|Any CPU
		{7E387185-55E8-4299-860C-CC9D210DBDB7}.Release|iPhoneSimulator.ActiveCfg = Release|Any CPU
		{7E387185-55E8-4299-860C-CC9D210DBDB7}.Release|iPhoneSimulator.Build.0 = Release|Any CPU
		{7E387185-55E8-4299-860C-CC9D210DBDB7}.Debug|iPhone.ActiveCfg = Debug|Any CPU
		{7E387185-55E8-4299-860C-CC9D210DBDB7}.Debug|iPhone.Build.0 = Debug|Any CPU
		{7E387185-55E8-4299-860C-CC9D210DBDB7}.Release|iPhone.ActiveCfg = Release|Any CPU
		{7E387185-55E8-4299-860C-CC9D210DBDB7}.Release|iPhone.Build.0 = Release|Any CPU
		{7E387185-55E8-4299-860C-CC9D210DBDB7}.Ad-Hoc|iPhone.ActiveCfg = Debug|Any CPU
		{7E387185-55E8-4299-860C-CC9D210DBDB7}.Ad-Hoc|iPhone.Build.0 = Debug|Any CPU
		{7E387185-55E8-4299-860C-CC9D210DBDB7}.AppStore|iPhone.ActiveCfg = Debug|Any CPU
		{7E387185-55E8-4299-860C-CC9D210DBDB7}.AppStore|iPhone.Build.0 = Debug|Any CPU
	EndGlobalSection
EndGlobal
